// !$*UTF8*$!
{
	archiveVersion = 1;
	classes = {
	};
	objectVersion = 56;
	objects = {

/* Begin PBXBuildFile section */
		1DA2B25F2948D660004E85C8 /* Math.swift in Sources */ = {isa = PBXBuildFile; fileRef = 1DA2B25E2948D660004E85C8 /* Math.swift */; };
		1DA2B2672948D8AC004E85C8 /* testCameraTests.swift in Sources */ = {isa = PBXBuildFile; fileRef = 1DA2B2662948D8AC004E85C8 /* testCameraTests.swift */; };
		1DA2B26E2948D8E4004E85C8 /* MathTests.swift in Sources */ = {isa = PBXBuildFile; fileRef = 1DA2B26D2948D8E4004E85C8 /* MathTests.swift */; };
		1DBBD3E8293A59BE00660523 /* testCameraApp.swift in Sources */ = {isa = PBXBuildFile; fileRef = 1DBBD3E7293A59BE00660523 /* testCameraApp.swift */; };
		1DBBD3EA293A59BE00660523 /* ContentView.swift in Sources */ = {isa = PBXBuildFile; fileRef = 1DBBD3E9293A59BE00660523 /* ContentView.swift */; };
		1DBBD3EC293A59C000660523 /* Assets.xcassets in Resources */ = {isa = PBXBuildFile; fileRef = 1DBBD3EB293A59C000660523 /* Assets.xcassets */; };
		1DBBD3EF293A59C000660523 /* Preview Assets.xcassets in Resources */ = {isa = PBXBuildFile; fileRef = 1DBBD3EE293A59C000660523 /* Preview Assets.xcassets */; };
		1DBBD3F6293A5A0D00660523 /* CameraService.swift in Sources */ = {isa = PBXBuildFile; fileRef = 1DBBD3F5293A5A0D00660523 /* CameraService.swift */; };
		1DBBD3F8293A5A5600660523 /* CameraView.swift in Sources */ = {isa = PBXBuildFile; fileRef = 1DBBD3F7293A5A5600660523 /* CameraView.swift */; };
		1DBBD3FA293A71B000660523 /* CustonCameraView.swift in Sources */ = {isa = PBXBuildFile; fileRef = 1DBBD3F9293A71B000660523 /* CustonCameraView.swift */; };
		902B0B5BF4AC87C827F764D1 /* Pods_testCameraTests.framework in Frameworks */ = {isa = PBXBuildFile; fileRef = BCDE1D27B27AA5A8B39F3ABA /* Pods_testCameraTests.framework */; };
		C8A88082D37D0A8254BFB389 /* Pods_testCamera.framework in Frameworks */ = {isa = PBXBuildFile; fileRef = 673778C85C8986F62A52CB1C /* Pods_testCamera.framework */; };
		E7D8231629F983030083C0E6 /* ClearSaleSDK.swift in Sources */ = {isa = PBXBuildFile; fileRef = E7D8231529F983030083C0E6 /* ClearSaleSDK.swift */; };
/* End PBXBuildFile section */

/* Begin PBXContainerItemProxy section */
		1DA2B2682948D8AC004E85C8 /* PBXContainerItemProxy */ = {
			isa = PBXContainerItemProxy;
			containerPortal = 1DBBD3DC293A59BE00660523 /* Project object */;
			proxyType = 1;
			remoteGlobalIDString = 1DBBD3E3293A59BE00660523;
			remoteInfo = testCamera;
		};
/* End PBXContainerItemProxy section */

/* Begin PBXFileReference section */
		1DA2B25E2948D660004E85C8 /* Math.swift */ = {isa = PBXFileReference; lastKnownFileType = sourcecode.swift; path = Math.swift; sourceTree = "<group>"; };
		1DA2B2642948D8AC004E85C8 /* testCameraTests.xctest */ = {isa = PBXFileReference; explicitFileType = wrapper.cfbundle; includeInIndex = 0; path = testCameraTests.xctest; sourceTree = BUILT_PRODUCTS_DIR; };
		1DA2B2662948D8AC004E85C8 /* testCameraTests.swift */ = {isa = PBXFileReference; lastKnownFileType = sourcecode.swift; path = testCameraTests.swift; sourceTree = "<group>"; };
		1DA2B26D2948D8E4004E85C8 /* MathTests.swift */ = {isa = PBXFileReference; lastKnownFileType = sourcecode.swift; path = MathTests.swift; sourceTree = "<group>"; };
		1DBBD3E4293A59BE00660523 /* testCamera.app */ = {isa = PBXFileReference; explicitFileType = wrapper.application; includeInIndex = 0; path = testCamera.app; sourceTree = BUILT_PRODUCTS_DIR; };
		1DBBD3E7293A59BE00660523 /* testCameraApp.swift */ = {isa = PBXFileReference; lastKnownFileType = sourcecode.swift; path = testCameraApp.swift; sourceTree = "<group>"; };
		1DBBD3E9293A59BE00660523 /* ContentView.swift */ = {isa = PBXFileReference; lastKnownFileType = sourcecode.swift; path = ContentView.swift; sourceTree = "<group>"; };
		1DBBD3EB293A59C000660523 /* Assets.xcassets */ = {isa = PBXFileReference; lastKnownFileType = folder.assetcatalog; path = Assets.xcassets; sourceTree = "<group>"; };
		1DBBD3EE293A59C000660523 /* Preview Assets.xcassets */ = {isa = PBXFileReference; lastKnownFileType = folder.assetcatalog; path = "Preview Assets.xcassets"; sourceTree = "<group>"; };
		1DBBD3F5293A5A0D00660523 /* CameraService.swift */ = {isa = PBXFileReference; lastKnownFileType = sourcecode.swift; path = CameraService.swift; sourceTree = "<group>"; };
		1DBBD3F7293A5A5600660523 /* CameraView.swift */ = {isa = PBXFileReference; lastKnownFileType = sourcecode.swift; path = CameraView.swift; sourceTree = "<group>"; };
		1DBBD3F9293A71B000660523 /* CustonCameraView.swift */ = {isa = PBXFileReference; lastKnownFileType = sourcecode.swift; path = CustonCameraView.swift; sourceTree = "<group>"; };
		34B0EF27AA6CD1E9E9464445 /* Pods-testCameraTests.debug.xcconfig */ = {isa = PBXFileReference; includeInIndex = 1; lastKnownFileType = text.xcconfig; name = "Pods-testCameraTests.debug.xcconfig"; path = "Target Support Files/Pods-testCameraTests/Pods-testCameraTests.debug.xcconfig"; sourceTree = "<group>"; };
		673778C85C8986F62A52CB1C /* Pods_testCamera.framework */ = {isa = PBXFileReference; explicitFileType = wrapper.framework; includeInIndex = 0; path = Pods_testCamera.framework; sourceTree = BUILT_PRODUCTS_DIR; };
		6EA7A946273BFD51C03C1651 /* Pods-testCameraTests.release.xcconfig */ = {isa = PBXFileReference; includeInIndex = 1; lastKnownFileType = text.xcconfig; name = "Pods-testCameraTests.release.xcconfig"; path = "Target Support Files/Pods-testCameraTests/Pods-testCameraTests.release.xcconfig"; sourceTree = "<group>"; };
		6ED7838122CAC9991081FE48 /* Pods-testCamera.release.xcconfig */ = {isa = PBXFileReference; includeInIndex = 1; lastKnownFileType = text.xcconfig; name = "Pods-testCamera.release.xcconfig"; path = "Target Support Files/Pods-testCamera/Pods-testCamera.release.xcconfig"; sourceTree = "<group>"; };
		B72FF31415BF144F6B06805E /* Pods-testCamera.debug.xcconfig */ = {isa = PBXFileReference; includeInIndex = 1; lastKnownFileType = text.xcconfig; name = "Pods-testCamera.debug.xcconfig"; path = "Target Support Files/Pods-testCamera/Pods-testCamera.debug.xcconfig"; sourceTree = "<group>"; };
		BCDE1D27B27AA5A8B39F3ABA /* Pods_testCameraTests.framework */ = {isa = PBXFileReference; explicitFileType = wrapper.framework; includeInIndex = 0; path = Pods_testCameraTests.framework; sourceTree = BUILT_PRODUCTS_DIR; };
		E7D8231529F983030083C0E6 /* ClearSaleSDK.swift */ = {isa = PBXFileReference; lastKnownFileType = sourcecode.swift; path = ClearSaleSDK.swift; sourceTree = "<group>"; };
		E7D8231729F9877F0083C0E6 /* Info.plist */ = {isa = PBXFileReference; lastKnownFileType = text.plist; path = Info.plist; sourceTree = "<group>"; };
/* End PBXFileReference section */

/* Begin PBXFrameworksBuildPhase section */
		1DA2B2612948D8AC004E85C8 /* Frameworks */ = {
			isa = PBXFrameworksBuildPhase;
			buildActionMask = 2147483647;
			files = (
				902B0B5BF4AC87C827F764D1 /* Pods_testCameraTests.framework in Frameworks */,
			);
			runOnlyForDeploymentPostprocessing = 0;
		};
		1DBBD3E1293A59BE00660523 /* Frameworks */ = {
			isa = PBXFrameworksBuildPhase;
			buildActionMask = 2147483647;
			files = (
				C8A88082D37D0A8254BFB389 /* Pods_testCamera.framework in Frameworks */,
			);
			runOnlyForDeploymentPostprocessing = 0;
		};
/* End PBXFrameworksBuildPhase section */

/* Begin PBXGroup section */
		0916F9DABCD74B26B20F4BFE /* Frameworks */ = {
			isa = PBXGroup;
			children = (
				673778C85C8986F62A52CB1C /* Pods_testCamera.framework */,
				BCDE1D27B27AA5A8B39F3ABA /* Pods_testCameraTests.framework */,
			);
			name = Frameworks;
			sourceTree = "<group>";
		};
		1DA2B2652948D8AC004E85C8 /* testCameraTests */ = {
			isa = PBXGroup;
			children = (
				1DA2B2662948D8AC004E85C8 /* testCameraTests.swift */,
				1DA2B26D2948D8E4004E85C8 /* MathTests.swift */,
			);
			path = testCameraTests;
			sourceTree = "<group>";
		};
		1DBBD3DB293A59BE00660523 = {
			isa = PBXGroup;
			children = (
				1DBBD3E6293A59BE00660523 /* testCamera */,
				1DA2B2652948D8AC004E85C8 /* testCameraTests */,
				1DBBD3E5293A59BE00660523 /* Products */,
				35E2EA12671D1B125D24080C /* Pods */,
				0916F9DABCD74B26B20F4BFE /* Frameworks */,
			);
			sourceTree = "<group>";
		};
		1DBBD3E5293A59BE00660523 /* Products */ = {
			isa = PBXGroup;
			children = (
				1DBBD3E4293A59BE00660523 /* testCamera.app */,
				1DA2B2642948D8AC004E85C8 /* testCameraTests.xctest */,
			);
			name = Products;
			sourceTree = "<group>";
		};
		1DBBD3E6293A59BE00660523 /* testCamera */ = {
			isa = PBXGroup;
			children = (
				E7D8231729F9877F0083C0E6 /* Info.plist */,
				E7D8231429F982BB0083C0E6 /* ClearSale */,
				1DBBD3E7293A59BE00660523 /* testCameraApp.swift */,
				1DBBD3E9293A59BE00660523 /* ContentView.swift */,
				1DBBD3EB293A59C000660523 /* Assets.xcassets */,
				1DBBD3ED293A59C000660523 /* Preview Content */,
				1DBBD3F5293A5A0D00660523 /* CameraService.swift */,
				1DBBD3F7293A5A5600660523 /* CameraView.swift */,
				1DBBD3F9293A71B000660523 /* CustonCameraView.swift */,
				1DA2B25E2948D660004E85C8 /* Math.swift */,
			);
			path = testCamera;
			sourceTree = "<group>";
		};
		1DBBD3ED293A59C000660523 /* Preview Content */ = {
			isa = PBXGroup;
			children = (
				1DBBD3EE293A59C000660523 /* Preview Assets.xcassets */,
			);
			path = "Preview Content";
			sourceTree = "<group>";
		};
		35E2EA12671D1B125D24080C /* Pods */ = {
			isa = PBXGroup;
			children = (
				B72FF31415BF144F6B06805E /* Pods-testCamera.debug.xcconfig */,
				6ED7838122CAC9991081FE48 /* Pods-testCamera.release.xcconfig */,
				34B0EF27AA6CD1E9E9464445 /* Pods-testCameraTests.debug.xcconfig */,
				6EA7A946273BFD51C03C1651 /* Pods-testCameraTests.release.xcconfig */,
			);
			path = Pods;
			sourceTree = "<group>";
		};
		E7D8231429F982BB0083C0E6 /* ClearSale */ = {
			isa = PBXGroup;
			children = (
				E7D8231529F983030083C0E6 /* ClearSaleSDK.swift */,
			);
			path = ClearSale;
			sourceTree = "<group>";
		};
/* End PBXGroup section */

/* Begin PBXNativeTarget section */
		1DA2B2632948D8AC004E85C8 /* testCameraTests */ = {
			isa = PBXNativeTarget;
			buildConfigurationList = 1DA2B26A2948D8AC004E85C8 /* Build configuration list for PBXNativeTarget "testCameraTests" */;
			buildPhases = (
				2FBA496E815A374FF0814059 /* [CP] Check Pods Manifest.lock */,
				1DA2B2602948D8AC004E85C8 /* Sources */,
				1DA2B2612948D8AC004E85C8 /* Frameworks */,
				1DA2B2622948D8AC004E85C8 /* Resources */,
			);
			buildRules = (
			);
			dependencies = (
				1DA2B2692948D8AC004E85C8 /* PBXTargetDependency */,
			);
			name = testCameraTests;
			productName = testCameraTests;
			productReference = 1DA2B2642948D8AC004E85C8 /* testCameraTests.xctest */;
			productType = "com.apple.product-type.bundle.unit-test";
		};
		1DBBD3E3293A59BE00660523 /* testCamera */ = {
			isa = PBXNativeTarget;
			buildConfigurationList = 1DBBD3F2293A59C000660523 /* Build configuration list for PBXNativeTarget "testCamera" */;
			buildPhases = (
				721C166B655D48939B053549 /* [CP] Check Pods Manifest.lock */,
				1DBBD3E0293A59BE00660523 /* Sources */,
				1DBBD3E1293A59BE00660523 /* Frameworks */,
				1DBBD3E2293A59BE00660523 /* Resources */,
				C1309FEBB230827AEB6F76D8 /* [CP] Embed Pods Frameworks */,
			);
			buildRules = (
			);
			dependencies = (
			);
			name = testCamera;
			productName = testCamera;
			productReference = 1DBBD3E4293A59BE00660523 /* testCamera.app */;
			productType = "com.apple.product-type.application";
		};
/* End PBXNativeTarget section */

/* Begin PBXProject section */
		1DBBD3DC293A59BE00660523 /* Project object */ = {
			isa = PBXProject;
			attributes = {
				BuildIndependentTargetsInParallel = 1;
				LastSwiftUpdateCheck = 1410;
				LastUpgradeCheck = 1410;
				TargetAttributes = {
					1DA2B2632948D8AC004E85C8 = {
						CreatedOnToolsVersion = 14.1;
						TestTargetID = 1DBBD3E3293A59BE00660523;
					};
					1DBBD3E3293A59BE00660523 = {
						CreatedOnToolsVersion = 14.1;
					};
				};
			};
			buildConfigurationList = 1DBBD3DF293A59BE00660523 /* Build configuration list for PBXProject "testCamera" */;
			compatibilityVersion = "Xcode 14.0";
			developmentRegion = en;
			hasScannedForEncodings = 0;
			knownRegions = (
				en,
				Base,
			);
			mainGroup = 1DBBD3DB293A59BE00660523;
			productRefGroup = 1DBBD3E5293A59BE00660523 /* Products */;
			projectDirPath = "";
			projectRoot = "";
			targets = (
				1DBBD3E3293A59BE00660523 /* testCamera */,
				1DA2B2632948D8AC004E85C8 /* testCameraTests */,
			);
		};
/* End PBXProject section */

/* Begin PBXResourcesBuildPhase section */
		1DA2B2622948D8AC004E85C8 /* Resources */ = {
			isa = PBXResourcesBuildPhase;
			buildActionMask = 2147483647;
			files = (
			);
			runOnlyForDeploymentPostprocessing = 0;
		};
		1DBBD3E2293A59BE00660523 /* Resources */ = {
			isa = PBXResourcesBuildPhase;
			buildActionMask = 2147483647;
			files = (
				1DBBD3EF293A59C000660523 /* Preview Assets.xcassets in Resources */,
				1DBBD3EC293A59C000660523 /* Assets.xcassets in Resources */,
			);
			runOnlyForDeploymentPostprocessing = 0;
		};
/* End PBXResourcesBuildPhase section */

/* Begin PBXShellScriptBuildPhase section */
		2FBA496E815A374FF0814059 /* [CP] Check Pods Manifest.lock */ = {
			isa = PBXShellScriptBuildPhase;
			buildActionMask = 2147483647;
			files = (
			);
			inputFileListPaths = (
			);
			inputPaths = (
				"${PODS_PODFILE_DIR_PATH}/Podfile.lock",
				"${PODS_ROOT}/Manifest.lock",
			);
			name = "[CP] Check Pods Manifest.lock";
			outputFileListPaths = (
			);
			outputPaths = (
				"$(DERIVED_FILE_DIR)/Pods-testCameraTests-checkManifestLockResult.txt",
			);
			runOnlyForDeploymentPostprocessing = 0;
			shellPath = /bin/sh;
			shellScript = "diff \"${PODS_PODFILE_DIR_PATH}/Podfile.lock\" \"${PODS_ROOT}/Manifest.lock\" > /dev/null\nif [ $? != 0 ] ; then\n    # print error to STDERR\n    echo \"error: The sandbox is not in sync with the Podfile.lock. Run 'pod install' or update your CocoaPods installation.\" >&2\n    exit 1\nfi\n# This output is used by Xcode 'outputs' to avoid re-running this script phase.\necho \"SUCCESS\" > \"${SCRIPT_OUTPUT_FILE_0}\"\n";
			showEnvVarsInLog = 0;
		};
		721C166B655D48939B053549 /* [CP] Check Pods Manifest.lock */ = {
			isa = PBXShellScriptBuildPhase;
			buildActionMask = 2147483647;
			files = (
			);
			inputFileListPaths = (
			);
			inputPaths = (
				"${PODS_PODFILE_DIR_PATH}/Podfile.lock",
				"${PODS_ROOT}/Manifest.lock",
			);
			name = "[CP] Check Pods Manifest.lock";
			outputFileListPaths = (
			);
			outputPaths = (
				"$(DERIVED_FILE_DIR)/Pods-testCamera-checkManifestLockResult.txt",
			);
			runOnlyForDeploymentPostprocessing = 0;
			shellPath = /bin/sh;
			shellScript = "diff \"${PODS_PODFILE_DIR_PATH}/Podfile.lock\" \"${PODS_ROOT}/Manifest.lock\" > /dev/null\nif [ $? != 0 ] ; then\n    # print error to STDERR\n    echo \"error: The sandbox is not in sync with the Podfile.lock. Run 'pod install' or update your CocoaPods installation.\" >&2\n    exit 1\nfi\n# This output is used by Xcode 'outputs' to avoid re-running this script phase.\necho \"SUCCESS\" > \"${SCRIPT_OUTPUT_FILE_0}\"\n";
			showEnvVarsInLog = 0;
		};
		C1309FEBB230827AEB6F76D8 /* [CP] Embed Pods Frameworks */ = {
			isa = PBXShellScriptBuildPhase;
			buildActionMask = 2147483647;
			files = (
			);
			inputFileListPaths = (
				"${PODS_ROOT}/Target Support Files/Pods-testCamera/Pods-testCamera-frameworks-${CONFIGURATION}-input-files.xcfilelist",
			);
			name = "[CP] Embed Pods Frameworks";
			outputFileListPaths = (
				"${PODS_ROOT}/Target Support Files/Pods-testCamera/Pods-testCamera-frameworks-${CONFIGURATION}-output-files.xcfilelist",
			);
			runOnlyForDeploymentPostprocessing = 0;
			shellPath = /bin/sh;
			shellScript = "\"${PODS_ROOT}/Target Support Files/Pods-testCamera/Pods-testCamera-frameworks.sh\"\n";
			showEnvVarsInLog = 0;
		};
/* End PBXShellScriptBuildPhase section */

/* Begin PBXSourcesBuildPhase section */
		1DA2B2602948D8AC004E85C8 /* Sources */ = {
			isa = PBXSourcesBuildPhase;
			buildActionMask = 2147483647;
			files = (
				1DA2B2672948D8AC004E85C8 /* testCameraTests.swift in Sources */,
				1DA2B26E2948D8E4004E85C8 /* MathTests.swift in Sources */,
			);
			runOnlyForDeploymentPostprocessing = 0;
		};
		1DBBD3E0293A59BE00660523 /* Sources */ = {
			isa = PBXSourcesBuildPhase;
			buildActionMask = 2147483647;
			files = (
				1DBBD3FA293A71B000660523 /* CustonCameraView.swift in Sources */,
				1DBBD3EA293A59BE00660523 /* ContentView.swift in Sources */,
				1DBBD3E8293A59BE00660523 /* testCameraApp.swift in Sources */,
				1DBBD3F6293A5A0D00660523 /* CameraService.swift in Sources */,
				E7D8231629F983030083C0E6 /* ClearSaleSDK.swift in Sources */,
				1DBBD3F8293A5A5600660523 /* CameraView.swift in Sources */,
				1DA2B25F2948D660004E85C8 /* Math.swift in Sources */,
			);
			runOnlyForDeploymentPostprocessing = 0;
		};
/* End PBXSourcesBuildPhase section */

/* Begin PBXTargetDependency section */
		1DA2B2692948D8AC004E85C8 /* PBXTargetDependency */ = {
			isa = PBXTargetDependency;
			target = 1DBBD3E3293A59BE00660523 /* testCamera */;
			targetProxy = 1DA2B2682948D8AC004E85C8 /* PBXContainerItemProxy */;
		};
/* End PBXTargetDependency section */

/* Begin XCBuildConfiguration section */
		1DA2B26B2948D8AC004E85C8 /* Debug */ = {
			isa = XCBuildConfiguration;
			baseConfigurationReference = 34B0EF27AA6CD1E9E9464445 /* Pods-testCameraTests.debug.xcconfig */;
			buildSettings = {
				BUNDLE_LOADER = "$(TEST_HOST)";
				CODE_SIGN_STYLE = Automatic;
				CURRENT_PROJECT_VERSION = 1;
				DEVELOPMENT_TEAM = GLP488PWA5;
				GENERATE_INFOPLIST_FILE = YES;
				MARKETING_VERSION = 1.0;
				PRODUCT_BUNDLE_IDENTIFIER = livenessTest.testCameraTests;
				PRODUCT_NAME = "$(TARGET_NAME)";
				SWIFT_EMIT_LOC_STRINGS = NO;
				SWIFT_VERSION = 5.0;
				TARGETED_DEVICE_FAMILY = "1,2";
				TEST_HOST = "$(BUILT_PRODUCTS_DIR)/testCamera.app/$(BUNDLE_EXECUTABLE_FOLDER_PATH)/testCamera";
			};
			name = Debug;
		};
		1DA2B26C2948D8AC004E85C8 /* Release */ = {
			isa = XCBuildConfiguration;
			baseConfigurationReference = 6EA7A946273BFD51C03C1651 /* Pods-testCameraTests.release.xcconfig */;
			buildSettings = {
				BUNDLE_LOADER = "$(TEST_HOST)";
				CODE_SIGN_STYLE = Automatic;
				CURRENT_PROJECT_VERSION = 1;
				DEVELOPMENT_TEAM = GLP488PWA5;
				GENERATE_INFOPLIST_FILE = YES;
				MARKETING_VERSION = 1.0;
				PRODUCT_BUNDLE_IDENTIFIER = livenessTest.testCameraTests;
				PRODUCT_NAME = "$(TARGET_NAME)";
				SWIFT_EMIT_LOC_STRINGS = NO;
				SWIFT_VERSION = 5.0;
				TARGETED_DEVICE_FAMILY = "1,2";
				TEST_HOST = "$(BUILT_PRODUCTS_DIR)/testCamera.app/$(BUNDLE_EXECUTABLE_FOLDER_PATH)/testCamera";
			};
			name = Release;
		};
		1DBBD3F0293A59C000660523 /* Debug */ = {
			isa = XCBuildConfiguration;
			buildSettings = {
				ALWAYS_SEARCH_USER_PATHS = NO;
				CLANG_ANALYZER_NONNULL = YES;
				CLANG_ANALYZER_NUMBER_OBJECT_CONVERSION = YES_AGGRESSIVE;
				CLANG_CXX_LANGUAGE_STANDARD = "gnu++20";
				CLANG_ENABLE_MODULES = YES;
				CLANG_ENABLE_OBJC_ARC = YES;
				CLANG_ENABLE_OBJC_WEAK = YES;
				CLANG_WARN_BLOCK_CAPTURE_AUTORELEASING = YES;
				CLANG_WARN_BOOL_CONVERSION = YES;
				CLANG_WARN_COMMA = YES;
				CLANG_WARN_CONSTANT_CONVERSION = YES;
				CLANG_WARN_DEPRECATED_OBJC_IMPLEMENTATIONS = YES;
				CLANG_WARN_DIRECT_OBJC_ISA_USAGE = YES_ERROR;
				CLANG_WARN_DOCUMENTATION_COMMENTS = YES;
				CLANG_WARN_EMPTY_BODY = YES;
				CLANG_WARN_ENUM_CONVERSION = YES;
				CLANG_WARN_INFINITE_RECURSION = YES;
				CLANG_WARN_INT_CONVERSION = YES;
				CLANG_WARN_NON_LITERAL_NULL_CONVERSION = YES;
				CLANG_WARN_OBJC_IMPLICIT_RETAIN_SELF = YES;
				CLANG_WARN_OBJC_LITERAL_CONVERSION = YES;
				CLANG_WARN_OBJC_ROOT_CLASS = YES_ERROR;
				CLANG_WARN_QUOTED_INCLUDE_IN_FRAMEWORK_HEADER = YES;
				CLANG_WARN_RANGE_LOOP_ANALYSIS = YES;
				CLANG_WARN_STRICT_PROTOTYPES = YES;
				CLANG_WARN_SUSPICIOUS_MOVE = YES;
				CLANG_WARN_UNGUARDED_AVAILABILITY = YES_AGGRESSIVE;
				CLANG_WARN_UNREACHABLE_CODE = YES;
				CLANG_WARN__DUPLICATE_METHOD_MATCH = YES;
				COPY_PHASE_STRIP = NO;
				DEBUG_INFORMATION_FORMAT = dwarf;
				ENABLE_STRICT_OBJC_MSGSEND = YES;
				ENABLE_TESTABILITY = YES;
				GCC_C_LANGUAGE_STANDARD = gnu11;
				GCC_DYNAMIC_NO_PIC = NO;
				GCC_NO_COMMON_BLOCKS = YES;
				GCC_OPTIMIZATION_LEVEL = 0;
				GCC_PREPROCESSOR_DEFINITIONS = (
					"DEBUG=1",
					"$(inherited)",
				);
				GCC_WARN_64_TO_32_BIT_CONVERSION = YES;
				GCC_WARN_ABOUT_RETURN_TYPE = YES_ERROR;
				GCC_WARN_UNDECLARED_SELECTOR = YES;
				GCC_WARN_UNINITIALIZED_AUTOS = YES_AGGRESSIVE;
				GCC_WARN_UNUSED_FUNCTION = YES;
				GCC_WARN_UNUSED_VARIABLE = YES;
				IPHONEOS_DEPLOYMENT_TARGET = 14.0;
				MTL_ENABLE_DEBUG_INFO = INCLUDE_SOURCE;
				MTL_FAST_MATH = YES;
				ONLY_ACTIVE_ARCH = YES;
				SDKROOT = iphoneos;
				SWIFT_ACTIVE_COMPILATION_CONDITIONS = DEBUG;
				SWIFT_OPTIMIZATION_LEVEL = "-Onone";
			};
			name = Debug;
		};
		1DBBD3F1293A59C000660523 /* Release */ = {
			isa = XCBuildConfiguration;
			buildSettings = {
				ALWAYS_SEARCH_USER_PATHS = NO;
				CLANG_ANALYZER_NONNULL = YES;
				CLANG_ANALYZER_NUMBER_OBJECT_CONVERSION = YES_AGGRESSIVE;
				CLANG_CXX_LANGUAGE_STANDARD = "gnu++20";
				CLANG_ENABLE_MODULES = YES;
				CLANG_ENABLE_OBJC_ARC = YES;
				CLANG_ENABLE_OBJC_WEAK = YES;
				CLANG_WARN_BLOCK_CAPTURE_AUTORELEASING = YES;
				CLANG_WARN_BOOL_CONVERSION = YES;
				CLANG_WARN_COMMA = YES;
				CLANG_WARN_CONSTANT_CONVERSION = YES;
				CLANG_WARN_DEPRECATED_OBJC_IMPLEMENTATIONS = YES;
				CLANG_WARN_DIRECT_OBJC_ISA_USAGE = YES_ERROR;
				CLANG_WARN_DOCUMENTATION_COMMENTS = YES;
				CLANG_WARN_EMPTY_BODY = YES;
				CLANG_WARN_ENUM_CONVERSION = YES;
				CLANG_WARN_INFINITE_RECURSION = YES;
				CLANG_WARN_INT_CONVERSION = YES;
				CLANG_WARN_NON_LITERAL_NULL_CONVERSION = YES;
				CLANG_WARN_OBJC_IMPLICIT_RETAIN_SELF = YES;
				CLANG_WARN_OBJC_LITERAL_CONVERSION = YES;
				CLANG_WARN_OBJC_ROOT_CLASS = YES_ERROR;
				CLANG_WARN_QUOTED_INCLUDE_IN_FRAMEWORK_HEADER = YES;
				CLANG_WARN_RANGE_LOOP_ANALYSIS = YES;
				CLANG_WARN_STRICT_PROTOTYPES = YES;
				CLANG_WARN_SUSPICIOUS_MOVE = YES;
				CLANG_WARN_UNGUARDED_AVAILABILITY = YES_AGGRESSIVE;
				CLANG_WARN_UNREACHABLE_CODE = YES;
				CLANG_WARN__DUPLICATE_METHOD_MATCH = YES;
				COPY_PHASE_STRIP = NO;
				DEBUG_INFORMATION_FORMAT = "dwarf-with-dsym";
				ENABLE_NS_ASSERTIONS = NO;
				ENABLE_STRICT_OBJC_MSGSEND = YES;
				GCC_C_LANGUAGE_STANDARD = gnu11;
				GCC_NO_COMMON_BLOCKS = YES;
				GCC_WARN_64_TO_32_BIT_CONVERSION = YES;
				GCC_WARN_ABOUT_RETURN_TYPE = YES_ERROR;
				GCC_WARN_UNDECLARED_SELECTOR = YES;
				GCC_WARN_UNINITIALIZED_AUTOS = YES_AGGRESSIVE;
				GCC_WARN_UNUSED_FUNCTION = YES;
				GCC_WARN_UNUSED_VARIABLE = YES;
				IPHONEOS_DEPLOYMENT_TARGET = 14.0;
				MTL_ENABLE_DEBUG_INFO = NO;
				MTL_FAST_MATH = YES;
				SDKROOT = iphoneos;
				SWIFT_COMPILATION_MODE = wholemodule;
				SWIFT_OPTIMIZATION_LEVEL = "-O";
				VALIDATE_PRODUCT = YES;
			};
			name = Release;
		};
		1DBBD3F3293A59C000660523 /* Debug */ = {
			isa = XCBuildConfiguration;
			baseConfigurationReference = B72FF31415BF144F6B06805E /* Pods-testCamera.debug.xcconfig */;
			buildSettings = {
				ASSETCATALOG_COMPILER_APPICON_NAME = AppIcon;
				ASSETCATALOG_COMPILER_GLOBAL_ACCENT_COLOR_NAME = AccentColor;
				CODE_SIGN_STYLE = Automatic;
				CURRENT_PROJECT_VERSION = 1;
				DEVELOPMENT_ASSET_PATHS = "\"testCamera/Preview Content\"";
				DEVELOPMENT_TEAM = GLP488PWA5;
				ENABLE_PREVIEWS = YES;
				GENERATE_INFOPLIST_FILE = YES;
				INFOPLIST_FILE = testCamera/Info.plist;
				INFOPLIST_KEY_NSCameraUsageDescription = "This app requires access to the camera.";
				INFOPLIST_KEY_UIApplicationSceneManifest_Generation = YES;
				INFOPLIST_KEY_UIApplicationSupportsIndirectInputEvents = YES;
				INFOPLIST_KEY_UILaunchScreen_Generation = YES;
				INFOPLIST_KEY_UISupportedInterfaceOrientations_iPad = "UIInterfaceOrientationPortrait UIInterfaceOrientationPortraitUpsideDown UIInterfaceOrientationLandscapeLeft UIInterfaceOrientationLandscapeRight";
				INFOPLIST_KEY_UISupportedInterfaceOrientations_iPhone = "UIInterfaceOrientationPortrait UIInterfaceOrientationLandscapeLeft UIInterfaceOrientationLandscapeRight";
				LD_RUNPATH_SEARCH_PATHS = (
					"$(inherited)",
					"@executable_path/Frameworks",
				);
				MARKETING_VERSION = 1.0;
				PRODUCT_BUNDLE_IDENTIFIER = livenessTest.testCamera;
				PRODUCT_NAME = "$(TARGET_NAME)";
				SWIFT_EMIT_LOC_STRINGS = YES;
				SWIFT_VERSION = 5.0;
				TARGETED_DEVICE_FAMILY = "1,2";
			};
			name = Debug;
		};
		1DBBD3F4293A59C000660523 /* Release */ = {
			isa = XCBuildConfiguration;
			baseConfigurationReference = 6ED7838122CAC9991081FE48 /* Pods-testCamera.release.xcconfig */;
			buildSettings = {
				ASSETCATALOG_COMPILER_APPICON_NAME = AppIcon;
				ASSETCATALOG_COMPILER_GLOBAL_ACCENT_COLOR_NAME = AccentColor;
				CODE_SIGN_STYLE = Automatic;
				CURRENT_PROJECT_VERSION = 1;
				DEVELOPMENT_ASSET_PATHS = "\"testCamera/Preview Content\"";
				DEVELOPMENT_TEAM = GLP488PWA5;
				ENABLE_PREVIEWS = YES;
				GENERATE_INFOPLIST_FILE = YES;
				INFOPLIST_FILE = testCamera/Info.plist;
				INFOPLIST_KEY_NSCameraUsageDescription = "This app requires access to the camera.";
				INFOPLIST_KEY_UIApplicationSceneManifest_Generation = YES;
				INFOPLIST_KEY_UIApplicationSupportsIndirectInputEvents = YES;
				INFOPLIST_KEY_UILaunchScreen_Generation = YES;
				INFOPLIST_KEY_UISupportedInterfaceOrientations_iPad = "UIInterfaceOrientationPortrait UIInterfaceOrientationPortraitUpsideDown UIInterfaceOrientationLandscapeLeft UIInterfaceOrientationLandscapeRight";
				INFOPLIST_KEY_UISupportedInterfaceOrientations_iPhone = "UIInterfaceOrientationPortrait UIInterfaceOrientationLandscapeLeft UIInterfaceOrientationLandscapeRight";
				LD_RUNPATH_SEARCH_PATHS = (
					"$(inherited)",
					"@executable_path/Frameworks",
				);
				MARKETING_VERSION = 1.0;
				PRODUCT_BUNDLE_IDENTIFIER = livenessTest.testCamera;
				PRODUCT_NAME = "$(TARGET_NAME)";
				SWIFT_EMIT_LOC_STRINGS = YES;
				SWIFT_VERSION = 5.0;
				TARGETED_DEVICE_FAMILY = "1,2";
			};
			name = Release;
		};
/* End XCBuildConfiguration section */

/* Begin XCConfigurationList section */
		1DA2B26A2948D8AC004E85C8 /* Build configuration list for PBXNativeTarget "testCameraTests" */ = {
			isa = XCConfigurationList;
			buildConfigurations = (
				1DA2B26B2948D8AC004E85C8 /* Debug */,
				1DA2B26C2948D8AC004E85C8 /* Release */,
			);
			defaultConfigurationIsVisible = 0;
			defaultConfigurationName = Release;
		};
		1DBBD3DF293A59BE00660523 /* Build configuration list for PBXProject "testCamera" */ = {
			isa = XCConfigurationList;
			buildConfigurations = (
				1DBBD3F0293A59C000660523 /* Debug */,
				1DBBD3F1293A59C000660523 /* Release */,
			);
			defaultConfigurationIsVisible = 0;
			defaultConfigurationName = Release;
		};
		1DBBD3F2293A59C000660523 /* Build configuration list for PBXNativeTarget "testCamera" */ = {
			isa = XCConfigurationList;
			buildConfigurations = (
				1DBBD3F3293A59C000660523 /* Debug */,
				1DBBD3F4293A59C000660523 /* Release */,
			);
			defaultConfigurationIsVisible = 0;
			defaultConfigurationName = Release;
		};
/* End XCConfigurationList section */
	};
	rootObject = 1DBBD3DC293A59BE00660523 /* Project object */;
}
